<?xml version="1.0" encoding="utf-8"?>
<Project ToolsVersion="4.0" xmlns="http://schemas.microsoft.com/developer/msbuild/2003">
  <ItemGroup>
    <Filter Include="Source Files">
      <UniqueIdentifier>{4FC737F1-C7A5-4376-A066-2A32D752A2FF}</UniqueIdentifier>
      <Extensions>cpp;c;cc;cxx;c++;cppm;ixx;def;odl;idl;hpj;bat;asm;asmx</Extensions>
    </Filter>
    <Filter Include="Header Files">
      <UniqueIdentifier>{93995380-89BD-4b04-88EB-625FBE52EBFB}</UniqueIdentifier>
      <Extensions>h;hh;hpp;hxx;h++;hm;inl;inc;ipp;xsd</Extensions>
    </Filter>
    <Filter Include="Resource Files">
      <UniqueIdentifier>{67DA6AB6-F800-4c08-8B7A-83BB121AAD01}</UniqueIdentifier>
      <Extensions>rc;ico;cur;bmp;dlg;rc2;rct;bin;rgs;gif;jpg;jpeg;jpe;resx;tiff;tif;png;wav;mfcribbon-ms</Extensions>
    </Filter>
    <Filter Include="ImGui">
      <UniqueIdentifier>{49dc2964-36e6-4ab0-b6a2-410ad76f9c6b}</UniqueIdentifier>
    </Filter>
  </ItemGroup>
  <ItemGroup>
    <ClCompile Include="source\main.cpp">
      <Filter>Source Files</Filter>
    </ClCompile>
    <ClCompile Include="source\Application\Window.cpp">
      <Filter>Source Files</Filter>
    </ClCompile>
    <ClCompile Include="source\Application\Application.cpp">
      <Filter>Source Files</Filter>
    </ClCompile>
    <ClCompile Include="source\Graphics\RayTracer.cpp">
      <Filter>Source Files</Filter>
    </ClCompile>
    <ClCompile Include="source\DirectX\DX11.cpp">
      <Filter>Source Files</Filter>
    </ClCompile>
    <ClCompile Include="source\Scene\Scene.cpp">
      <Filter>Source Files</Filter>
    </ClCompile>
    <ClCompile Include="deps\include\imgui\imgui.cpp">
      <Filter>ImGui</Filter>
    </ClCompile>
    <ClCompile Include="deps\include\imgui\imgui_demo.cpp">
      <Filter>ImGui</Filter>
    </ClCompile>
    <ClCompile Include="deps\include\imgui\imgui_draw.cpp">
      <Filter>ImGui</Filter>
    </ClCompile>
    <ClCompile Include="deps\include\imgui\imgui_impl_dx11.cpp">
      <Filter>ImGui</Filter>
    </ClCompile>
    <ClCompile Include="deps\include\imgui\imgui_impl_glfw.cpp">
      <Filter>ImGui</Filter>
    </ClCompile>
    <ClCompile Include="deps\include\imgui\imgui_tables.cpp">
      <Filter>ImGui</Filter>
    </ClCompile>
    <ClCompile Include="deps\include\imgui\imgui_widgets.cpp">
      <Filter>ImGui</Filter>
    </ClCompile>
    <ClCompile Include="source\Graphics\ResourceManager.cpp">
      <Filter>Source Files</Filter>
    </ClCompile>
    <ClCompile Include="source\Graphics\Importer.cpp">
      <Filter>Source Files</Filter>
    </ClCompile>
    <ClCompile Include="source\Graphics\BvhBuilder.cpp">
      <Filter>Source Files</Filter>
    </ClCompile>
    <ClCompile Include="source\Graphics\GPUStorage.cpp">
      <Filter>Source Files</Filter>
    </ClCompile>
    <ClCompile Include="source\Graphics\GPUResourceManager.cpp">
      <Filter>Source Files</Filter>
    </ClCompile>
    <ClCompile Include="source\Graphics\DebugRenderer.cpp">
      <Filter>Source Files</Filter>
    </ClCompile>
  </ItemGroup>
  <ItemGroup>
    <ClInclude Include="source\Application\Window.h">
      <Filter>Header Files</Filter>
    </ClInclude>
    <ClInclude Include="source\Application\Application.h">
      <Filter>Header Files</Filter>
    </ClInclude>
    <ClInclude Include="source\Utilities.h">
      <Filter>Header Files</Filter>
    </ClInclude>
    <ClInclude Include="source\DirectX\DX11.h">
      <Filter>Header Files</Filter>
    </ClInclude>
    <ClInclude Include="source\Graphics\RayTracer.h">
      <Filter>Header Files</Filter>
    </ClInclude>
    <ClInclude Include="source\Scene\Entity.h">
      <Filter>Header Files</Filter>
    </ClInclude>
    <ClInclude Include="source\Scene\Scene.h">
      <Filter>Header Files</Filter>
    </ClInclude>
    <ClInclude Include="source\Scene\Components.h">
      <Filter>Header Files</Filter>
    </ClInclude>
    <ClInclude Include="source\Application\ImGuiHelper.h">
      <Filter>Header Files</Filter>
    </ClInclude>
    <ClInclude Include="deps\include\imgui\imconfig.h">
      <Filter>ImGui</Filter>
    </ClInclude>
    <ClInclude Include="deps\include\imgui\imgui.h">
      <Filter>ImGui</Filter>
    </ClInclude>
    <ClInclude Include="deps\include\imgui\imgui_impl_dx11.h">
      <Filter>ImGui</Filter>
    </ClInclude>
    <ClInclude Include="deps\include\imgui\imgui_impl_glfw.h">
      <Filter>ImGui</Filter>
    </ClInclude>
    <ClInclude Include="deps\include\imgui\imgui_internal.h">
      <Filter>ImGui</Filter>
    </ClInclude>
    <ClInclude Include="deps\include\imgui\imstb_rectpack.h">
      <Filter>ImGui</Filter>
    </ClInclude>
    <ClInclude Include="deps\include\imgui\imstb_textedit.h">
      <Filter>ImGui</Filter>
    </ClInclude>
    <ClInclude Include="deps\include\imgui\imstb_truetype.h">
      <Filter>ImGui</Filter>
    </ClInclude>
    <ClInclude Include="source\Scene\Camera.h">
      <Filter>Header Files</Filter>
    </ClInclude>
    <ClInclude Include="source\Application\Input.h">
      <Filter>Header Files</Filter>
    </ClInclude>
    <ClInclude Include="source\Application\KeyCodes.h">
      <Filter>Header Files</Filter>
    </ClInclude>
    <ClInclude Include="source\Graphics\Mesh.h">
      <Filter>Header Files</Filter>
    </ClInclude>
    <ClInclude Include="source\Graphics\ResourceManager.h">
      <Filter>Header Files</Filter>
    </ClInclude>
    <ClInclude Include="source\Graphics\Importer.h">
      <Filter>Header Files</Filter>
    </ClInclude>
    <ClInclude Include="source\Graphics\Texture.h">
      <Filter>Header Files</Filter>
    </ClInclude>
    <ClInclude Include="source\Graphics\BvhBuilder.h">
      <Filter>Header Files</Filter>
    </ClInclude>
    <ClInclude Include="source\SMath.h">
      <Filter>Header Files</Filter>
    </ClInclude>
    <ClInclude Include="source\Graphics\GPUResourceManager.h">
      <Filter>Header Files</Filter>
    </ClInclude>
    <ClInclude Include="source\Graphics\GPUStorage.h">
      <Filter>Header Files</Filter>
    </ClInclude>
    <ClInclude Include="source\Graphics\DebugRenderer.h">
      <Filter>Header Files</Filter>
    </ClInclude>
  </ItemGroup>
  <ItemGroup>
    <None Include="resources\shaders\ShaderResourceRegisters.h" />
    <None Include="resources\shaders\RaytracerCS.hlsl" />
    <None Include="resources\shaders\GPU-Utilities.hlsli" />
    <None Include="resources\shaders\DebugVS.hlsl" />
    <None Include="resources\shaders\DebugPS.hlsl" />
    <None Include="resources\shaders\DebugBBVS.hlsl" />
    <None Include="resources\shaders\DebugBBPS.hlsl" />
  </ItemGroup>
</Project>